// !$*UTF8*$!
{
	archiveVersion = 1;
	classes = {
	};
	objectVersion = 60;
	objects = {

/* Begin PBXBuildFile section */
		314BBEE62FD6CD7B00842140 /* FormulaLayout in Frameworks */ = {isa = PBXBuildFile; productRef = 314BBEE52FD6CD7B00842140 /* FormulaLayout */; };
		3151DC982FD7C39A000598B2 /* FormulaLayout in Frameworks */ = {isa = PBXBuildFile; productRef = 3151DC972FD7C39A000598B2 /* FormulaLayout */; };
		31677E862FD7C81200D0CBF6 /* FormulaLayout in Frameworks */ = {isa = PBXBuildFile; productRef = 31677E852FD7C81200D0CBF6 /* FormulaLayout */; };
		318918642FD6A7B60093D77B /* AppDelegate.swift in Sources */ = {isa = PBXBuildFile; fileRef = 318918632FD6A7B60093D77B /* AppDelegate.swift */; };
		318918662FD6A7B60093D77B /* SceneDelegate.swift in Sources */ = {isa = PBXBuildFile; fileRef = 318918652FD6A7B60093D77B /* SceneDelegate.swift */; };
		318918682FD6A7B60093D77B /* ViewController.swift in Sources */ = {isa = PBXBuildFile; fileRef = 318918672FD6A7B60093D77B /* ViewController.swift */; };
		3189186B2FD6A7B60093D77B /* Main.storyboard in Resources */ = {isa = PBXBuildFile; fileRef = 318918692FD6A7B60093D77B /* Main.storyboard */; };
		3189186D2FD6A7B90093D77B /* Assets.xcassets in Resources */ = {isa = PBXBuildFile; fileRef = 3189186C2FD6A7B90093D77B /* Assets.xcassets */; };
		318918702FD6A7B90093D77B /* LaunchScreen.storyboard in Resources */ = {isa = PBXBuildFile; fileRef = 3189186E2FD6A7B90093D77B /* LaunchScreen.storyboard */; };
		318918792FD6A81D0093D77B /* FormulaLayout in Frameworks */ = {isa = PBXBuildFile; productRef = 318918782FD6A81D0093D77B /* FormulaLayout */; };
/* End PBXBuildFile section */

/* Begin PBXFileReference section */
		318918602FD6A7B60093D77B /* FormulaLayout-iOS.app */ = {isa = PBXFileReference; explicitFileType = wrapper.application; includeInIndex = 0; path = "FormulaLayout-iOS.app"; sourceTree = BUILT_PRODUCTS_DIR; };
		318918632FD6A7B60093D77B /* AppDelegate.swift */ = {isa = PBXFileReference; lastKnownFileType = sourcecode.swift; path = AppDelegate.swift; sourceTree = "<group>"; };
		318918652FD6A7B60093D77B /* SceneDelegate.swift */ = {isa = PBXFileReference; lastKnownFileType = sourcecode.swift; path = SceneDelegate.swift; sourceTree = "<group>"; };
		318918672FD6A7B60093D77B /* ViewController.swift */ = {isa = PBXFileReference; lastKnownFileType = sourcecode.swift; path = ViewController.swift; sourceTree = "<group>"; };
		3189186A2FD6A7B60093D77B /* Base */ = {isa = PBXFileReference; lastKnownFileType = file.storyboard; name = Base; path = Base.lproj/Main.storyboard; sourceTree = "<group>"; };
		3189186C2FD6A7B90093D77B /* Assets.xcassets */ = {isa = PBXFileReference; lastKnownFileType = folder.assetcatalog; path = Assets.xcassets; sourceTree = "<group>"; };
		3189186F2FD6A7B90093D77B /* Base */ = {isa = PBXFileReference; lastKnownFileType = file.storyboard; name = Base; path = Base.lproj/LaunchScreen.storyboard; sourceTree = "<group>"; };
		318918712FD6A7B90093D77B /* Info.plist */ = {isa = PBXFileReference; lastKnownFileType = text.plist.xml; path = Info.plist; sourceTree = "<group>"; };
/* End PBXFileReference section */

/* Begin PBXFrameworksBuildPhase section */
		3189185D2FD6A7B60093D77B /* Frameworks */ = {
			isa = PBXFrameworksBuildPhase;
			buildActionMask = 2147483647;
			files = (
				318918792FD6A81D0093D77B /* FormulaLayout in Frameworks */,
				31677E862FD7C81200D0CBF6 /* FormulaLayout in Frameworks */,
				314BBEE62FD6CD7B00842140 /* FormulaLayout in Frameworks */,
				3151DC982FD7C39A000598B2 /* FormulaLayout in Frameworks */,
			);
			runOnlyForDeploymentPostprocessing = 0;
		};
/* End PBXFrameworksBuildPhase section */

/* Begin PBXGroup section */
		318918572FD6A7B60093D77B = {
			isa = PBXGroup;
			children = (
				318918622FD6A7B60093D77B /* FormulaLayout-iOS */,
				318918612FD6A7B60093D77B /* Products */,
			);
			sourceTree = "<group>";
		};
		318918612FD6A7B60093D77B /* Products */ = {
			isa = PBXGroup;
			children = (
				318918602FD6A7B60093D77B /* FormulaLayout-iOS.app */,
			);
			name = Products;
			sourceTree = "<group>";
		};
		318918622FD6A7B60093D77B /* FormulaLayout-iOS */ = {
			isa = PBXGroup;
			children = (
				318918632FD6A7B60093D77B /* AppDelegate.swift */,
				318918652FD6A7B60093D77B /* SceneDelegate.swift */,
				318918672FD6A7B60093D77B /* ViewController.swift */,
				318918692FD6A7B60093D77B /* Main.storyboard */,
				3189186C2FD6A7B90093D77B /* Assets.xcassets */,
				3189186E2FD6A7B90093D77B /* LaunchScreen.storyboard */,
				318918712FD6A7B90093D77B /* Info.plist */,
			);
			path = "FormulaLayout-iOS";
			sourceTree = "<group>";
		};
/* End PBXGroup section */

/* Begin PBXNativeTarget section */
		3189185F2FD6A7B60093D77B /* FormulaLayout-iOS */ = {
			isa = PBXNativeTarget;
			buildConfigurationList = 318918742FD6A7B90093D77B /* Build configuration list for PBXNativeTarget "FormulaLayout-iOS" */;
			buildPhases = (
				3189185C2FD6A7B60093D77B /* Sources */,
				3189185D2FD6A7B60093D77B /* Frameworks */,
				3189185E2FD6A7B60093D77B /* Resources */,
			);
			buildRules = (
			);
			dependencies = (
			);
			name = "FormulaLayout-iOS";
			packageProductDependencies = (
				318918782FD6A81D0093D77B /* FormulaLayout */,
				314BBEE52FD6CD7B00842140 /* FormulaLayout */,
				3151DC972FD7C39A000598B2 /* FormulaLayout */,
				31677E852FD7C81200D0CBF6 /* FormulaLayout */,
			);
			productName = "FormulaLayout-iOS";
			productReference = 318918602FD6A7B60093D77B /* FormulaLayout-iOS.app */;
			productType = "com.apple.product-type.application";
		};
/* End PBXNativeTarget section */

/* Begin PBXProject section */
		318918582FD6A7B60093D77B /* Project object */ = {
			isa = PBXProject;
			attributes = {
				BuildIndependentTargetsInParallel = 1;
				LastSwiftUpdateCheck = 1520;
				LastUpgradeCheck = 1520;
				TargetAttributes = {
					3189185F2FD6A7B60093D77B = {
						CreatedOnToolsVersion = 15.2;
					};
				};
			};
			buildConfigurationList = 3189185B2FD6A7B60093D77B /* Build configuration list for PBXProject "FormulaLayout-iOS" */;
			compatibilityVersion = "Xcode 14.0";
			developmentRegion = en;
			hasScannedForEncodings = 0;
			knownRegions = (
				en,
				Base,
			);
			mainGroup = 318918572FD6A7B60093D77B;
			packageReferences = (
				31677E842FD7C81200D0CBF6 /* XCLocalSwiftPackageReference ".." */,
			);
			productRefGroup = 318918612FD6A7B60093D77B /* Products */;
			projectDirPath = "";
			projectRoot = "";
			targets = (
				3189185F2FD6A7B60093D77B /* FormulaLayout-iOS */,
			);
		};
/* End PBXProject section */

/* Begin PBXResourcesBuildPhase section */
		3189185E2FD6A7B60093D77B /* Resources */ = {
			isa = PBXResourcesBuildPhase;
			buildActionMask = 2147483647;
			files = (
				318918702FD6A7B90093D77B /* LaunchScreen.storyboard in Resources */,
				3189186D2FD6A7B90093D77B /* Assets.xcassets in Resources */,
				3189186B2FD6A7B60093D77B /* Main.storyboard in Resources */,
			);
			runOnlyForDeploymentPostprocessing = 0;
		};
/* End PBXResourcesBuildPhase section */

/* Begin PBXSourcesBuildPhase section */
		3189185C2FD6A7B60093D77B /* Sources */ = {
			isa = PBXSourcesBuildPhase;
			buildActionMask = 2147483647;
			files = (
				318918682FD6A7B60093D77B /* ViewController.swift in Sources */,
				318918642FD6A7B60093D77B /* AppDelegate.swift in Sources */,
				318918662FD6A7B60093D77B /* SceneDelegate.swift in Sources */,
			);
			runOnlyForDeploymentPostprocessing = 0;
		};
/* End PBXSourcesBuildPhase section */

/* Begin PBXVariantGroup section */
		318918692FD6A7B60093D77B /* Main.storyboard */ = {
			isa = PBXVariantGroup;
			children = (
				3189186A2FD6A7B60093D77B /* Base */,
			);
			name = Main.storyboard;
			sourceTree = "<group>";
		};
		3189186E2FD6A7B90093D77B /* LaunchScreen.storyboard */ = {
			isa = PBXVariantGroup;
			children = (
				3189186F2FD6A7B90093D77B /* Base */,
			);
			name = LaunchScreen.storyboard;
			sourceTree = "<group>";
		};
/* End PBXVariantGroup section */

/* Begin XCBuildConfiguration section */
		318918722FD6A7B90093D77B /* Debug */ = {
			isa = XCBuildConfiguration;
			buildSettings = {
				ALWAYS_SEARCH_USER_PATHS = NO;
				ASSETCATALOG_COMPILER_GENERATE_SWIFT_ASSET_SYMBOL_EXTENSIONS = YES;
				CLANG_ANALYZER_NONNULL = YES;
				CLANG_ANALYZER_NUMBER_OBJECT_CONVERSION = YES_AGGRESSIVE;
				CLANG_CXX_LANGUAGE_STANDARD = "gnu++20";
				CLANG_ENABLE_MODULES = YES;
				CLANG_ENABLE_OBJC_ARC = YES;
				CLANG_ENABLE_OBJC_WEAK = YES;
				CLANG_WARN_BLOCK_CAPTURE_AUTORELEASING = YES;
				CLANG_WARN_BOOL_CONVERSION = YES;
				CLANG_WARN_COMMA = YES;
				CLANG_WARN_CONSTANT_CONVERSION = YES;
				CLANG_WARN_DEPRECATED_OBJC_IMPLEMENTATIONS = YES;
				CLANG_WARN_DIRECT_OBJC_ISA_USAGE = YES_ERROR;
				CLANG_WARN_DOCUMENTATION_COMMENTS = YES;
				CLANG_WARN_EMPTY_BODY = YES;
				CLANG_WARN_ENUM_CONVERSION = YES;
				CLANG_WARN_INFINITE_RECURSION = YES;
				CLANG_WARN_INT_CONVERSION = YES;
				CLANG_WARN_NON_LITERAL_NULL_CONVERSION = YES;
				CLANG_WARN_OBJC_IMPLICIT_RETAIN_SELF = YES;
				CLANG_WARN_OBJC_LITERAL_CONVERSION = YES;
				CLANG_WARN_OBJC_ROOT_CLASS = YES_ERROR;
				CLANG_WARN_QUOTED_INCLUDE_IN_FRAMEWORK_HEADER = YES;
				CLANG_WARN_RANGE_LOOP_ANALYSIS = YES;
				CLANG_WARN_STRICT_PROTOTYPES = YES;
				CLANG_WARN_SUSPICIOUS_MOVE = YES;
				CLANG_WARN_UNGUARDED_AVAILABILITY = YES_AGGRESSIVE;
				CLANG_WARN_UNREACHABLE_CODE = YES;
				CLANG_WARN__DUPLICATE_METHOD_MATCH = YES;
				COPY_PHASE_STRIP = NO;
				DEBUG_INFORMATION_FORMAT = dwarf;
				ENABLE_STRICT_OBJC_MSGSEND = YES;
				ENABLE_TESTABILITY = YES;
				ENABLE_USER_SCRIPT_SANDBOXING = YES;
				GCC_C_LANGUAGE_STANDARD = gnu17;
				GCC_DYNAMIC_NO_PIC = NO;
				GCC_NO_COMMON_BLOCKS = YES;
				GCC_OPTIMIZATION_LEVEL = 0;
				GCC_PREPROCESSOR_DEFINITIONS = (
					"DEBUG=1",
					"$(inherited)",
				);
				GCC_WARN_64_TO_32_BIT_CONVERSION = YES;
				GCC_WARN_ABOUT_RETURN_TYPE = YES_ERROR;
				GCC_WARN_UNDECLARED_SELECTOR = YES;
				GCC_WARN_UNINITIALIZED_AUTOS = YES_AGGRESSIVE;
				GCC_WARN_UNUSED_FUNCTION = YES;
				GCC_WARN_UNUSED_VARIABLE = YES;
				IPHONEOS_DEPLOYMENT_TARGET = 17.2;
				LOCALIZATION_PREFERS_STRING_CATALOGS = YES;
				MTL_ENABLE_DEBUG_INFO = INCLUDE_SOURCE;
				MTL_FAST_MATH = YES;
				ONLY_ACTIVE_ARCH = YES;
				SDKROOT = iphoneos;
				SWIFT_ACTIVE_COMPILATION_CONDITIONS = "DEBUG $(inherited)";
				SWIFT_OPTIMIZATION_LEVEL = "-Onone";
			};
			name = Debug;
		};
		318918732FD6A7B90093D77B /* Release */ = {
			isa = XCBuildConfiguration;
			buildSettings = {
				ALWAYS_SEARCH_USER_PATHS = NO;
				ASSETCATALOG_COMPILER_GENERATE_SWIFT_ASSET_SYMBOL_EXTENSIONS = YES;
				CLANG_ANALYZER_NONNULL = YES;
				CLANG_ANALYZER_NUMBER_OBJECT_CONVERSION = YES_AGGRESSIVE;
				CLANG_CXX_LANGUAGE_STANDARD = "gnu++20";
				CLANG_ENABLE_MODULES = YES;
				CLANG_ENABLE_OBJC_ARC = YES;
				CLANG_ENABLE_OBJC_WEAK = YES;
				CLANG_WARN_BLOCK_CAPTURE_AUTORELEASING = YES;
				CLANG_WARN_BOOL_CONVERSION = YES;
				CLANG_WARN_COMMA = YES;
				CLANG_WARN_CONSTANT_CONVERSION = YES;
				CLANG_WARN_DEPRECATED_OBJC_IMPLEMENTATIONS = YES;
				CLANG_WARN_DIRECT_OBJC_ISA_USAGE = YES_ERROR;
				CLANG_WARN_DOCUMENTATION_COMMENTS = YES;
				CLANG_WARN_EMPTY_BODY = YES;
				CLANG_WARN_ENUM_CONVERSION = YES;
				CLANG_WARN_INFINITE_RECURSION = YES;
				CLANG_WARN_INT_CONVERSION = YES;
				CLANG_WARN_NON_LITERAL_NULL_CONVERSION = YES;
				CLANG_WARN_OBJC_IMPLICIT_RETAIN_SELF = YES;
				CLANG_WARN_OBJC_LITERAL_CONVERSION = YES;
				CLANG_WARN_OBJC_ROOT_CLASS = YES_ERROR;
				CLANG_WARN_QUOTED_INCLUDE_IN_FRAMEWORK_HEADER = YES;
				CLANG_WARN_RANGE_LOOP_ANALYSIS = YES;
				CLANG_WARN_STRICT_PROTOTYPES = YES;
				CLANG_WARN_SUSPICIOUS_MOVE = YES;
				CLANG_WARN_UNGUARDED_AVAILABILITY = YES_AGGRESSIVE;
				CLANG_WARN_UNREACHABLE_CODE = YES;
				CLANG_WARN__DUPLICATE_METHOD_MATCH = YES;
				COPY_PHASE_STRIP = NO;
				DEBUG_INFORMATION_FORMAT = "dwarf-with-dsym";
				ENABLE_NS_ASSERTIONS = NO;
				ENABLE_STRICT_OBJC_MSGSEND = YES;
				ENABLE_USER_SCRIPT_SANDBOXING = YES;
				GCC_C_LANGUAGE_STANDARD = gnu17;
				GCC_NO_COMMON_BLOCKS = YES;
				GCC_WARN_64_TO_32_BIT_CONVERSION = YES;
				GCC_WARN_ABOUT_RETURN_TYPE = YES_ERROR;
				GCC_WARN_UNDECLARED_SELECTOR = YES;
				GCC_WARN_UNINITIALIZED_AUTOS = YES_AGGRESSIVE;
				GCC_WARN_UNUSED_FUNCTION = YES;
				GCC_WARN_UNUSED_VARIABLE = YES;
				IPHONEOS_DEPLOYMENT_TARGET = 17.2;
				LOCALIZATION_PREFERS_STRING_CATALOGS = YES;
				MTL_ENABLE_DEBUG_INFO = NO;
				MTL_FAST_MATH = YES;
				SDKROOT = iphoneos;
				SWIFT_COMPILATION_MODE = wholemodule;
				VALIDATE_PRODUCT = YES;
			};
			name = Release;
		};
		318918752FD6A7B90093D77B /* Debug */ = {
			isa = XCBuildConfiguration;
			buildSettings = {
				ASSETCATALOG_COMPILER_APPICON_NAME = AppIcon;
				ASSETCATALOG_COMPILER_GLOBAL_ACCENT_COLOR_NAME = AccentColor;
				CODE_SIGN_STYLE = Automatic;
				CURRENT_PROJECT_VERSION = 1;
				DEVELOPMENT_TEAM = "";
				ENABLE_APP_SANDBOX = NO;
				GENERATE_INFOPLIST_FILE = YES;
				INFOPLIST_FILE = "FormulaLayout-iOS/Info.plist";
				INFOPLIST_KEY_UIApplicationSupportsIndirectInputEvents = YES;
				INFOPLIST_KEY_UILaunchStoryboardName = LaunchScreen;
				INFOPLIST_KEY_UIMainStoryboardFile = Main;
				INFOPLIST_KEY_UISupportedInterfaceOrientations_iPad = "UIInterfaceOrientationPortrait UIInterfaceOrientationPortraitUpsideDown UIInterfaceOrientationLandscapeLeft UIInterfaceOrientationLandscapeRight";
				INFOPLIST_KEY_UISupportedInterfaceOrientations_iPhone = "UIInterfaceOrientationPortrait UIInterfaceOrientationLandscapeLeft UIInterfaceOrientationLandscapeRight";
				IPHONEOS_DEPLOYMENT_TARGET = 13.0;
				LD_RUNPATH_SEARCH_PATHS = (
					"$(inherited)",
					"@executable_path/Frameworks",
				);
				MARKETING_VERSION = 1.0;
				OTHER_SWIFT_FLAGS = "";
				PRODUCT_BUNDLE_IDENTIFIER = "com.object.app.FormulaLayout-iOS";
				PRODUCT_NAME = "$(TARGET_NAME)";
				SWIFT_EMIT_LOC_STRINGS = YES;
				SWIFT_VERSION = 5.0;
				TARGETED_DEVICE_FAMILY = "1,2";
			};
			name = Debug;
		};
		318918762FD6A7B90093D77B /* Release */ = {
			isa = XCBuildConfiguration;
			buildSettings = {
				ASSETCATALOG_COMPILER_APPICON_NAME = AppIcon;
				ASSETCATALOG_COMPILER_GLOBAL_ACCENT_COLOR_NAME = AccentColor;
				CODE_SIGN_STYLE = Automatic;
				CURRENT_PROJECT_VERSION = 1;
				DEVELOPMENT_TEAM = "";
				ENABLE_APP_SANDBOX = NO;
				GENERATE_INFOPLIST_FILE = YES;
				INFOPLIST_FILE = "FormulaLayout-iOS/Info.plist";
				INFOPLIST_KEY_UIApplicationSupportsIndirectInputEvents = YES;
				INFOPLIST_KEY_UILaunchStoryboardName = LaunchScreen;
				INFOPLIST_KEY_UIMainStoryboardFile = Main;
				INFOPLIST_KEY_UISupportedInterfaceOrientations_iPad = "UIInterfaceOrientationPortrait UIInterfaceOrientationPortraitUpsideDown UIInterfaceOrientationLandscapeLeft UIInterfaceOrientationLandscapeRight";
				INFOPLIST_KEY_UISupportedInterfaceOrientations_iPhone = "UIInterfaceOrientationPortrait UIInterfaceOrientationLandscapeLeft UIInterfaceOrientationLandscapeRight";
				IPHONEOS_DEPLOYMENT_TARGET = 13.0;
				LD_RUNPATH_SEARCH_PATHS = (
					"$(inherited)",
					"@executable_path/Frameworks",
				);
				MARKETING_VERSION = 1.0;
				OTHER_SWIFT_FLAGS = "";
				PRODUCT_BUNDLE_IDENTIFIER = "com.object.app.FormulaLayout-iOS";
				PRODUCT_NAME = "$(TARGET_NAME)";
				SWIFT_EMIT_LOC_STRINGS = YES;
				SWIFT_VERSION = 5.0;
				TARGETED_DEVICE_FAMILY = "1,2";
			};
			name = Release;
		};
/* End XCBuildConfiguration section */

/* Begin XCConfigurationList section */
		3189185B2FD6A7B60093D77B /* Build configuration list for PBXProject "FormulaLayout-iOS" */ = {
			isa = XCConfigurationList;
			buildConfigurations = (
				318918722FD6A7B90093D77B /* Debug */,
				318918732FD6A7B90093D77B /* Release */,
			);
			defaultConfigurationIsVisible = 0;
			defaultConfigurationName = Release;
		};
		318918742FD6A7B90093D77B /* Build configuration list for PBXNativeTarget "FormulaLayout-iOS" */ = {
			isa = XCConfigurationList;
			buildConfigurations = (
				318918752FD6A7B90093D77B /* Debug */,
				318918762FD6A7B90093D77B /* Release */,
			);
			defaultConfigurationIsVisible = 0;
			defaultConfigurationName = Release;
		};
/* End XCConfigurationList section */

/* Begin XCLocalSwiftPackageReference section */
		31677E842FD7C81200D0CBF6 /* XCLocalSwiftPackageReference ".." */ = {
			isa = XCLocalSwiftPackageReference;
			relativePath = ..;
		};
/* End XCLocalSwiftPackageReference section */

/* Begin XCSwiftPackageProductDependency section */
		314BBEE52FD6CD7B00842140 /* FormulaLayout */ = {
			isa = XCSwiftPackageProductDependency;
			productName = FormulaLayout;
		};
		3151DC972FD7C39A000598B2 /* FormulaLayout */ = {
			isa = XCSwiftPackageProductDependency;
			productName = FormulaLayout;
		};
		31677E852FD7C81200D0CBF6 /* FormulaLayout */ = {
			isa = XCSwiftPackageProductDependency;
			productName = FormulaLayout;
		};
		318918782FD6A81D0093D77B /* FormulaLayout */ = {
			isa = XCSwiftPackageProductDependency;
			productName = FormulaLayout;
		};
/* End XCSwiftPackageProductDependency section */
	};
	rootObject = 318918582FD6A7B60093D77B /* Project object */;
}
